
Microsoft Visual Studio Solution File, Format Version 12.00
# Visual Studio Version 17
VisualStudioVersion = 17.8.34330.188
MinimumVisualStudioVersion = 10.0.40219.1
Project("{9A19103F-16F7-4668-BE54-9A1E7A4F7556}") = "BouncingBall", "BouncingBall\BouncingBall.csproj", "{64A78B8F-8F3E-42A1-BDDA-145DE5801970}"
EndProject
Global
	GlobalSection(SolutionConfigurationPlatforms) = preSolution
		Debug|Any CPU = Debug|Any CPU
		Release|Any CPU = Release|Any CPU
	EndGlobalSection
	GlobalSection(ProjectConfigurationPlatforms) = postSolution
		{64A78B8F-8F3E-42A1-BDDA-145DE5801970}.Debug|Any CPU.ActiveCfg = Debug|Any CPU
		{64A78B8F-8F3E-42A1-BDDA-145DE5801970}.Debug|Any CPU.Build.0 = Debug|Any CPU
		{64A78B8F-8F3E-42A1-BDDA-145DE5801970}.Release|Any CPU.ActiveCfg = Release|Any CPU
		{64A78B8F-8F3E-42A1-BDDA-145DE5801970}.Release|Any CPU.Build.0 = Release|Any CPU
	EndGlobalSection
	GlobalSection(SolutionProperties) = preSolution
		HideSolutionNode = FALSE
	EndGlobalSection
	GlobalSection(ExtensibilityGlobals) = postSolution
		SolutionGuid = {BA083243-D3C3-4BB9-ABD3-004DD7B1EFEC}
	EndGlobalSection
EndGlobal
